// !$*UTF8*$!
{
	archiveVersion = 1;
	classes = {
	};
	objectVersion = 46;
	objects = {

/* Begin PBXBuildFile section */
		511031E11FC50CCB0062F026 /* Path.swift in Sources */ = {isa = PBXBuildFile; fileRef = 511031E01FC50CCB0062F026 /* Path.swift */; };
		5119378022D17D8200AFB3DA /* Algorithm.swift in Sources */ = {isa = PBXBuildFile; fileRef = 5119377D22D17D8200AFB3DA /* Algorithm.swift */; };
		5119378122D17D8200AFB3DA /* DijkstraShortestPath.swift in Sources */ = {isa = PBXBuildFile; fileRef = 5119377E22D17D8200AFB3DA /* DijkstraShortestPath.swift */; };
		5119378222D17D8200AFB3DA /* PrimMinimumSpanningTree.swift in Sources */ = {isa = PBXBuildFile; fileRef = 5119377F22D17D8200AFB3DA /* PrimMinimumSpanningTree.swift */; };
		5119378422D2328900AFB3DA /* Graph.swift in Sources */ = {isa = PBXBuildFile; fileRef = 5119378322D2328900AFB3DA /* Graph.swift */; };
		5119378622D2466600AFB3DA /* FlowNetworkTemplate.swift in Sources */ = {isa = PBXBuildFile; fileRef = 5119378522D2466600AFB3DA /* FlowNetworkTemplate.swift */; };
		5119378822D2603E00AFB3DA /* KruskalMinimumSpanningTree.swift in Sources */ = {isa = PBXBuildFile; fileRef = 5119378722D2603E00AFB3DA /* KruskalMinimumSpanningTree.swift */; };
		5119378A22D2654100AFB3DA /* FordFulkersonMaxFlow.swift in Sources */ = {isa = PBXBuildFile; fileRef = 5119378922D2654100AFB3DA /* FordFulkersonMaxFlow.swift */; };
		5119378C22D26A2900AFB3DA /* BronKerboschMaxClique.swift in Sources */ = {isa = PBXBuildFile; fileRef = 5119378B22D26A2900AFB3DA /* BronKerboschMaxClique.swift */; };
		5119378E22D2735200AFB3DA /* AlgorithmController.swift in Sources */ = {isa = PBXBuildFile; fileRef = 5119378D22D2735200AFB3DA /* AlgorithmController.swift */; };
		5119379122D4A3E800AFB3DA /* PropertiesToolbar.swift in Sources */ = {isa = PBXBuildFile; fileRef = 5119379022D4A3E800AFB3DA /* PropertiesToolbar.swift */; };
		5119379322D570C200AFB3DA /* MainToolbar.swift in Sources */ = {isa = PBXBuildFile; fileRef = 5119379222D570C200AFB3DA /* MainToolbar.swift */; };
		515714B62073E17C0046573A /* UILabel+Extension.swift in Sources */ = {isa = PBXBuildFile; fileRef = 515714B52073E17C0046573A /* UILabel+Extension.swift */; };
		51839D0E1EFD9240003B7B40 /* AppDelegate.swift in Sources */ = {isa = PBXBuildFile; fileRef = 51839D0D1EFD9240003B7B40 /* AppDelegate.swift */; };
		51839D101EFD9240003B7B40 /* ViewController.swift in Sources */ = {isa = PBXBuildFile; fileRef = 51839D0F1EFD9240003B7B40 /* ViewController.swift */; };
		51839D131EFD9240003B7B40 /* Main.storyboard in Resources */ = {isa = PBXBuildFile; fileRef = 51839D111EFD9240003B7B40 /* Main.storyboard */; };
		51839D151EFD9240003B7B40 /* Assets.xcassets in Resources */ = {isa = PBXBuildFile; fileRef = 51839D141EFD9240003B7B40 /* Assets.xcassets */; };
		51839D181EFD9240003B7B40 /* LaunchScreen.storyboard in Resources */ = {isa = PBXBuildFile; fileRef = 51839D161EFD9240003B7B40 /* LaunchScreen.storyboard */; };
		51839D201EFD95EC003B7B40 /* Node.swift in Sources */ = {isa = PBXBuildFile; fileRef = 51839D1F1EFD95EC003B7B40 /* Node.swift */; };
		51839D221EFDABAB003B7B40 /* Edge.swift in Sources */ = {isa = PBXBuildFile; fileRef = 51839D211EFDABAB003B7B40 /* Edge.swift */; };
		5184431C2353BA9200268E78 /* GraphTests.swift in Sources */ = {isa = PBXBuildFile; fileRef = 5184431B2353BA9200268E78 /* GraphTests.swift */; };
		5186D1DD200C41E60043E175 /* Announcement.swift in Sources */ = {isa = PBXBuildFile; fileRef = 5186D1DC200C41E60043E175 /* Announcement.swift */; };
		519732D6228FC7710034AE0A /* GraphMode.swift in Sources */ = {isa = PBXBuildFile; fileRef = 519732D5228FC7710034AE0A /* GraphMode.swift */; };
		519732DF229051110034AE0A /* ColorGenerator.swift in Sources */ = {isa = PBXBuildFile; fileRef = 519732DE229051110034AE0A /* ColorGenerator.swift */; };
		51B24C471EFDC9DF00AE209F /* GraphView.swift in Sources */ = {isa = PBXBuildFile; fileRef = 51B24C461EFDC9DF00AE209F /* GraphView.swift */; };
		51CA75C01F687776003D7F2D /* ActionsController.swift in Sources */ = {isa = PBXBuildFile; fileRef = 51CA75BF1F687776003D7F2D /* ActionsController.swift */; };
/* End PBXBuildFile section */

/* Begin PBXContainerItemProxy section */
		5147F9F123553E0100AA61ED /* PBXContainerItemProxy */ = {
			isa = PBXContainerItemProxy;
			containerPortal = 51839D021EFD9240003B7B40 /* Project object */;
			proxyType = 1;
			remoteGlobalIDString = 51839D091EFD9240003B7B40;
			remoteInfo = "Seven Bridges";
		};
		5184431E2353BA9200268E78 /* PBXContainerItemProxy */ = {
			isa = PBXContainerItemProxy;
			containerPortal = 51839D021EFD9240003B7B40 /* Project object */;
			proxyType = 1;
			remoteGlobalIDString = 51839D091EFD9240003B7B40;
			remoteInfo = "Seven Bridges";
		};
/* End PBXContainerItemProxy section */

/* Begin PBXFileReference section */
		511031E01FC50CCB0062F026 /* Path.swift */ = {isa = PBXFileReference; lastKnownFileType = sourcecode.swift; path = Path.swift; sourceTree = "<group>"; };
		5119377D22D17D8200AFB3DA /* Algorithm.swift */ = {isa = PBXFileReference; fileEncoding = 4; lastKnownFileType = sourcecode.swift; path = Algorithm.swift; sourceTree = "<group>"; };
		5119377E22D17D8200AFB3DA /* DijkstraShortestPath.swift */ = {isa = PBXFileReference; fileEncoding = 4; lastKnownFileType = sourcecode.swift; path = DijkstraShortestPath.swift; sourceTree = "<group>"; };
		5119377F22D17D8200AFB3DA /* PrimMinimumSpanningTree.swift */ = {isa = PBXFileReference; fileEncoding = 4; lastKnownFileType = sourcecode.swift; path = PrimMinimumSpanningTree.swift; sourceTree = "<group>"; };
		5119378322D2328900AFB3DA /* Graph.swift */ = {isa = PBXFileReference; lastKnownFileType = sourcecode.swift; path = Graph.swift; sourceTree = "<group>"; };
		5119378522D2466600AFB3DA /* FlowNetworkTemplate.swift */ = {isa = PBXFileReference; lastKnownFileType = sourcecode.swift; path = FlowNetworkTemplate.swift; sourceTree = "<group>"; };
		5119378722D2603E00AFB3DA /* KruskalMinimumSpanningTree.swift */ = {isa = PBXFileReference; lastKnownFileType = sourcecode.swift; path = KruskalMinimumSpanningTree.swift; sourceTree = "<group>"; };
		5119378922D2654100AFB3DA /* FordFulkersonMaxFlow.swift */ = {isa = PBXFileReference; lastKnownFileType = sourcecode.swift; path = FordFulkersonMaxFlow.swift; sourceTree = "<group>"; };
		5119378B22D26A2900AFB3DA /* BronKerboschMaxClique.swift */ = {isa = PBXFileReference; lastKnownFileType = sourcecode.swift; path = BronKerboschMaxClique.swift; sourceTree = "<group>"; };
		5119378D22D2735200AFB3DA /* AlgorithmController.swift */ = {isa = PBXFileReference; lastKnownFileType = sourcecode.swift; path = AlgorithmController.swift; sourceTree = "<group>"; };
		5119379022D4A3E800AFB3DA /* PropertiesToolbar.swift */ = {isa = PBXFileReference; lastKnownFileType = sourcecode.swift; path = PropertiesToolbar.swift; sourceTree = "<group>"; };
		5119379222D570C200AFB3DA /* MainToolbar.swift */ = {isa = PBXFileReference; lastKnownFileType = sourcecode.swift; path = MainToolbar.swift; sourceTree = "<group>"; };
		5147F9EC23553E0100AA61ED /* SevenBridgesUITests.xctest */ = {isa = PBXFileReference; explicitFileType = wrapper.cfbundle; includeInIndex = 0; path = SevenBridgesUITests.xctest; sourceTree = BUILT_PRODUCTS_DIR; };
		515714B52073E17C0046573A /* UILabel+Extension.swift */ = {isa = PBXFileReference; lastKnownFileType = sourcecode.swift; path = "UILabel+Extension.swift"; sourceTree = "<group>"; };
		51839D0A1EFD9240003B7B40 /* Seven Bridges.app */ = {isa = PBXFileReference; explicitFileType = wrapper.application; includeInIndex = 0; path = "Seven Bridges.app"; sourceTree = BUILT_PRODUCTS_DIR; };
		51839D0D1EFD9240003B7B40 /* AppDelegate.swift */ = {isa = PBXFileReference; lastKnownFileType = sourcecode.swift; path = AppDelegate.swift; sourceTree = "<group>"; };
		51839D0F1EFD9240003B7B40 /* ViewController.swift */ = {isa = PBXFileReference; lastKnownFileType = sourcecode.swift; path = ViewController.swift; sourceTree = "<group>"; };
		51839D121EFD9240003B7B40 /* Base */ = {isa = PBXFileReference; lastKnownFileType = file.storyboard; name = Base; path = Base.lproj/Main.storyboard; sourceTree = "<group>"; };
		51839D141EFD9240003B7B40 /* Assets.xcassets */ = {isa = PBXFileReference; lastKnownFileType = folder.assetcatalog; path = Assets.xcassets; sourceTree = "<group>"; };
		51839D171EFD9240003B7B40 /* Base */ = {isa = PBXFileReference; lastKnownFileType = file.storyboard; name = Base; path = Base.lproj/LaunchScreen.storyboard; sourceTree = "<group>"; };
		51839D191EFD9240003B7B40 /* Info.plist */ = {isa = PBXFileReference; lastKnownFileType = text.plist.xml; path = Info.plist; sourceTree = "<group>"; };
		51839D1F1EFD95EC003B7B40 /* Node.swift */ = {isa = PBXFileReference; fileEncoding = 4; lastKnownFileType = sourcecode.swift; path = Node.swift; sourceTree = "<group>"; };
		51839D211EFDABAB003B7B40 /* Edge.swift */ = {isa = PBXFileReference; fileEncoding = 4; lastKnownFileType = sourcecode.swift; path = Edge.swift; sourceTree = "<group>"; };
		518443192353BA9200268E78 /* GraphTests.xctest */ = {isa = PBXFileReference; explicitFileType = wrapper.cfbundle; includeInIndex = 0; path = GraphTests.xctest; sourceTree = BUILT_PRODUCTS_DIR; };
		5184431B2353BA9200268E78 /* GraphTests.swift */ = {isa = PBXFileReference; lastKnownFileType = sourcecode.swift; path = GraphTests.swift; sourceTree = "<group>"; };
		5184431D2353BA9200268E78 /* Info.plist */ = {isa = PBXFileReference; lastKnownFileType = text.plist.xml; path = Info.plist; sourceTree = "<group>"; };
		5186D1DC200C41E60043E175 /* Announcement.swift */ = {isa = PBXFileReference; lastKnownFileType = sourcecode.swift; path = Announcement.swift; sourceTree = "<group>"; };
		519732D5228FC7710034AE0A /* GraphMode.swift */ = {isa = PBXFileReference; lastKnownFileType = sourcecode.swift; path = GraphMode.swift; sourceTree = "<group>"; };
		519732DE229051110034AE0A /* ColorGenerator.swift */ = {isa = PBXFileReference; lastKnownFileType = sourcecode.swift; path = ColorGenerator.swift; sourceTree = "<group>"; };
		51B24C461EFDC9DF00AE209F /* GraphView.swift */ = {isa = PBXFileReference; fileEncoding = 4; lastKnownFileType = sourcecode.swift; path = GraphView.swift; sourceTree = "<group>"; };
		51CA75BF1F687776003D7F2D /* ActionsController.swift */ = {isa = PBXFileReference; lastKnownFileType = sourcecode.swift; path = ActionsController.swift; sourceTree = "<group>"; };
/* End PBXFileReference section */

/* Begin PBXFrameworksBuildPhase section */
		5147F9E923553E0100AA61ED /* Frameworks */ = {
			isa = PBXFrameworksBuildPhase;
			buildActionMask = 2147483647;
			files = (
			);
			runOnlyForDeploymentPostprocessing = 0;
		};
		51839D071EFD9240003B7B40 /* Frameworks */ = {
			isa = PBXFrameworksBuildPhase;
			buildActionMask = 2147483647;
			files = (
			);
			runOnlyForDeploymentPostprocessing = 0;
		};
		518443162353BA9200268E78 /* Frameworks */ = {
			isa = PBXFrameworksBuildPhase;
			buildActionMask = 2147483647;
			files = (
			);
			runOnlyForDeploymentPostprocessing = 0;
		};
/* End PBXFrameworksBuildPhase section */

/* Begin PBXGroup section */
		5119378F22D410DE00AFB3DA /* Graphing */ = {
			isa = PBXGroup;
			children = (
				5119378322D2328900AFB3DA /* Graph.swift */,
				511031E01FC50CCB0062F026 /* Path.swift */,
				51839D1F1EFD95EC003B7B40 /* Node.swift */,
				51839D211EFDABAB003B7B40 /* Edge.swift */,
				5119378522D2466600AFB3DA /* FlowNetworkTemplate.swift */,
			);
			path = Graphing;
			sourceTree = "<group>";
		};
		51839D011EFD9240003B7B40 = {
			isa = PBXGroup;
			children = (
				51839D0C1EFD9240003B7B40 /* Seven Bridges */,
				5184431A2353BA9200268E78 /* GraphTests */,
				51839D0B1EFD9240003B7B40 /* Products */,
			);
			sourceTree = "<group>";
		};
		51839D0B1EFD9240003B7B40 /* Products */ = {
			isa = PBXGroup;
			children = (
				51839D0A1EFD9240003B7B40 /* Seven Bridges.app */,
				518443192353BA9200268E78 /* GraphTests.xctest */,
				5147F9EC23553E0100AA61ED /* SevenBridgesUITests.xctest */,
			);
			name = Products;
			sourceTree = "<group>";
		};
		51839D0C1EFD9240003B7B40 /* Seven Bridges */ = {
			isa = PBXGroup;
			children = (
				519732D7228FC8D20034AE0A /* Algorithms */,
				5119378F22D410DE00AFB3DA /* Graphing */,
				51839D0D1EFD9240003B7B40 /* AppDelegate.swift */,
				51839D0F1EFD9240003B7B40 /* ViewController.swift */,
				5119379222D570C200AFB3DA /* MainToolbar.swift */,
				5119379022D4A3E800AFB3DA /* PropertiesToolbar.swift */,
				51CA75BF1F687776003D7F2D /* ActionsController.swift */,
				5186D1DC200C41E60043E175 /* Announcement.swift */,
				51B24C461EFDC9DF00AE209F /* GraphView.swift */,
				519732D5228FC7710034AE0A /* GraphMode.swift */,
				519732DE229051110034AE0A /* ColorGenerator.swift */,
				515714B52073E17C0046573A /* UILabel+Extension.swift */,
				51839D111EFD9240003B7B40 /* Main.storyboard */,
				51839D161EFD9240003B7B40 /* LaunchScreen.storyboard */,
				51839D141EFD9240003B7B40 /* Assets.xcassets */,
				51839D191EFD9240003B7B40 /* Info.plist */,
			);
			path = "Seven Bridges";
			sourceTree = "<group>";
		};
		5184431A2353BA9200268E78 /* GraphTests */ = {
			isa = PBXGroup;
			children = (
				5184431B2353BA9200268E78 /* GraphTests.swift */,
				5184431D2353BA9200268E78 /* Info.plist */,
			);
			path = GraphTests;
			sourceTree = "<group>";
		};
		519732D7228FC8D20034AE0A /* Algorithms */ = {
			isa = PBXGroup;
			children = (
				5119377D22D17D8200AFB3DA /* Algorithm.swift */,
				5119377E22D17D8200AFB3DA /* DijkstraShortestPath.swift */,
				5119377F22D17D8200AFB3DA /* PrimMinimumSpanningTree.swift */,
				5119378722D2603E00AFB3DA /* KruskalMinimumSpanningTree.swift */,
				5119378922D2654100AFB3DA /* FordFulkersonMaxFlow.swift */,
				5119378B22D26A2900AFB3DA /* BronKerboschMaxClique.swift */,
				5119378D22D2735200AFB3DA /* AlgorithmController.swift */,
			);
			path = Algorithms;
			sourceTree = "<group>";
		};
/* End PBXGroup section */

/* Begin PBXNativeTarget section */
		5147F9EB23553E0100AA61ED /* SevenBridgesUITests */ = {
			isa = PBXNativeTarget;
			buildConfigurationList = 5147F9F523553E0100AA61ED /* Build configuration list for PBXNativeTarget "SevenBridgesUITests" */;
			buildPhases = (
				5147F9E823553E0100AA61ED /* Sources */,
				5147F9E923553E0100AA61ED /* Frameworks */,
				5147F9EA23553E0100AA61ED /* Resources */,
			);
			buildRules = (
			);
			dependencies = (
				5147F9F223553E0100AA61ED /* PBXTargetDependency */,
			);
			name = SevenBridgesUITests;
			productName = SevenBridgesUITests;
			productReference = 5147F9EC23553E0100AA61ED /* SevenBridgesUITests.xctest */;
			productType = "com.apple.product-type.bundle.ui-testing";
		};
		51839D091EFD9240003B7B40 /* Seven Bridges */ = {
			isa = PBXNativeTarget;
			buildConfigurationList = 51839D1C1EFD9240003B7B40 /* Build configuration list for PBXNativeTarget "Seven Bridges" */;
			buildPhases = (
				51839D061EFD9240003B7B40 /* Sources */,
				51839D071EFD9240003B7B40 /* Frameworks */,
				51839D081EFD9240003B7B40 /* Resources */,
			);
			buildRules = (
			);
			dependencies = (
			);
			name = "Seven Bridges";
			productName = "Seven Bridges";
			productReference = 51839D0A1EFD9240003B7B40 /* Seven Bridges.app */;
			productType = "com.apple.product-type.application";
		};
		518443182353BA9200268E78 /* GraphTests */ = {
			isa = PBXNativeTarget;
			buildConfigurationList = 518443222353BA9200268E78 /* Build configuration list for PBXNativeTarget "GraphTests" */;
			buildPhases = (
				518443152353BA9200268E78 /* Sources */,
				518443162353BA9200268E78 /* Frameworks */,
				518443172353BA9200268E78 /* Resources */,
			);
			buildRules = (
			);
			dependencies = (
				5184431F2353BA9200268E78 /* PBXTargetDependency */,
			);
			name = GraphTests;
			productName = GraphTests;
			productReference = 518443192353BA9200268E78 /* GraphTests.xctest */;
			productType = "com.apple.product-type.bundle.unit-test";
		};
/* End PBXNativeTarget section */

/* Begin PBXProject section */
		51839D021EFD9240003B7B40 /* Project object */ = {
			isa = PBXProject;
			attributes = {
				LastSwiftUpdateCheck = 1110;
				LastUpgradeCheck = 1020;
				ORGANIZATIONNAME = "Dillon Fagan";
				TargetAttributes = {
					5147F9EB23553E0100AA61ED = {
						CreatedOnToolsVersion = 11.1;
						DevelopmentTeam = WXQLW5JEDU;
						ProvisioningStyle = Automatic;
						TestTargetID = 51839D091EFD9240003B7B40;
					};
					51839D091EFD9240003B7B40 = {
						CreatedOnToolsVersion = 8.3.3;
						DevelopmentTeam = WXQLW5JEDU;
						LastSwiftMigration = 1020;
						ProvisioningStyle = Automatic;
					};
					518443182353BA9200268E78 = {
						CreatedOnToolsVersion = 11.0;
						DevelopmentTeam = WXQLW5JEDU;
						ProvisioningStyle = Automatic;
						TestTargetID = 51839D091EFD9240003B7B40;
					};
				};
			};
			buildConfigurationList = 51839D051EFD9240003B7B40 /* Build configuration list for PBXProject "Seven Bridges" */;
			compatibilityVersion = "Xcode 3.2";
			developmentRegion = en;
			hasScannedForEncodings = 0;
			knownRegions = (
				en,
				Base,
			);
			mainGroup = 51839D011EFD9240003B7B40;
			productRefGroup = 51839D0B1EFD9240003B7B40 /* Products */;
			projectDirPath = "";
			projectRoot = "";
			targets = (
				51839D091EFD9240003B7B40 /* Seven Bridges */,
				518443182353BA9200268E78 /* GraphTests */,
				5147F9EB23553E0100AA61ED /* SevenBridgesUITests */,
			);
		};
/* End PBXProject section */

/* Begin PBXResourcesBuildPhase section */
		5147F9EA23553E0100AA61ED /* Resources */ = {
			isa = PBXResourcesBuildPhase;
			buildActionMask = 2147483647;
			files = (
			);
			runOnlyForDeploymentPostprocessing = 0;
		};
		51839D081EFD9240003B7B40 /* Resources */ = {
			isa = PBXResourcesBuildPhase;
			buildActionMask = 2147483647;
			files = (
				51839D181EFD9240003B7B40 /* LaunchScreen.storyboard in Resources */,
				51839D151EFD9240003B7B40 /* Assets.xcassets in Resources */,
				51839D131EFD9240003B7B40 /* Main.storyboard in Resources */,
			);
			runOnlyForDeploymentPostprocessing = 0;
		};
		518443172353BA9200268E78 /* Resources */ = {
			isa = PBXResourcesBuildPhase;
			buildActionMask = 2147483647;
			files = (
			);
			runOnlyForDeploymentPostprocessing = 0;
		};
/* End PBXResourcesBuildPhase section */

/* Begin PBXSourcesBuildPhase section */
		5147F9E823553E0100AA61ED /* Sources */ = {
			isa = PBXSourcesBuildPhase;
			buildActionMask = 2147483647;
			files = (
			);
			runOnlyForDeploymentPostprocessing = 0;
		};
		51839D061EFD9240003B7B40 /* Sources */ = {
			isa = PBXSourcesBuildPhase;
			buildActionMask = 2147483647;
			files = (
				5186D1DD200C41E60043E175 /* Announcement.swift in Sources */,
				51B24C471EFDC9DF00AE209F /* GraphView.swift in Sources */,
				5119378622D2466600AFB3DA /* FlowNetworkTemplate.swift in Sources */,
				5119378E22D2735200AFB3DA /* AlgorithmController.swift in Sources */,
				5119378A22D2654100AFB3DA /* FordFulkersonMaxFlow.swift in Sources */,
				5119378822D2603E00AFB3DA /* KruskalMinimumSpanningTree.swift in Sources */,
				511031E11FC50CCB0062F026 /* Path.swift in Sources */,
				51CA75C01F687776003D7F2D /* ActionsController.swift in Sources */,
				51839D101EFD9240003B7B40 /* ViewController.swift in Sources */,
				51839D221EFDABAB003B7B40 /* Edge.swift in Sources */,
				5119378022D17D8200AFB3DA /* Algorithm.swift in Sources */,
				51839D0E1EFD9240003B7B40 /* AppDelegate.swift in Sources */,
				519732D6228FC7710034AE0A /* GraphMode.swift in Sources */,
				5119378422D2328900AFB3DA /* Graph.swift in Sources */,
				5119379322D570C200AFB3DA /* MainToolbar.swift in Sources */,
				5119379122D4A3E800AFB3DA /* PropertiesToolbar.swift in Sources */,
				5119378222D17D8200AFB3DA /* PrimMinimumSpanningTree.swift in Sources */,
				5119378122D17D8200AFB3DA /* DijkstraShortestPath.swift in Sources */,
				519732DF229051110034AE0A /* ColorGenerator.swift in Sources */,
				51839D201EFD95EC003B7B40 /* Node.swift in Sources */,
				5119378C22D26A2900AFB3DA /* BronKerboschMaxClique.swift in Sources */,
				515714B62073E17C0046573A /* UILabel+Extension.swift in Sources */,
			);
			runOnlyForDeploymentPostprocessing = 0;
		};
		518443152353BA9200268E78 /* Sources */ = {
			isa = PBXSourcesBuildPhase;
			buildActionMask = 2147483647;
			files = (
				5184431C2353BA9200268E78 /* GraphTests.swift in Sources */,
			);
			runOnlyForDeploymentPostprocessing = 0;
		};
/* End PBXSourcesBuildPhase section */

/* Begin PBXTargetDependency section */
		5147F9F223553E0100AA61ED /* PBXTargetDependency */ = {
			isa = PBXTargetDependency;
			target = 51839D091EFD9240003B7B40 /* Seven Bridges */;
			targetProxy = 5147F9F123553E0100AA61ED /* PBXContainerItemProxy */;
		};
		5184431F2353BA9200268E78 /* PBXTargetDependency */ = {
			isa = PBXTargetDependency;
			target = 51839D091EFD9240003B7B40 /* Seven Bridges */;
			targetProxy = 5184431E2353BA9200268E78 /* PBXContainerItemProxy */;
		};
/* End PBXTargetDependency section */

/* Begin PBXVariantGroup section */
		51839D111EFD9240003B7B40 /* Main.storyboard */ = {
			isa = PBXVariantGroup;
			children = (
				51839D121EFD9240003B7B40 /* Base */,
			);
			name = Main.storyboard;
			sourceTree = "<group>";
		};
		51839D161EFD9240003B7B40 /* LaunchScreen.storyboard */ = {
			isa = PBXVariantGroup;
			children = (
				51839D171EFD9240003B7B40 /* Base */,
			);
			name = LaunchScreen.storyboard;
			sourceTree = "<group>";
		};
/* End PBXVariantGroup section */

/* Begin XCBuildConfiguration section */
		5147F9F323553E0100AA61ED /* Debug */ = {
			isa = XCBuildConfiguration;
			buildSettings = {
				CLANG_CXX_LANGUAGE_STANDARD = "gnu++14";
				CLANG_ENABLE_OBJC_WEAK = YES;
				CLANG_WARN_UNGUARDED_AVAILABILITY = YES_AGGRESSIVE;
				CODE_SIGN_STYLE = Automatic;
				DEVELOPMENT_TEAM = WXQLW5JEDU;
				GCC_C_LANGUAGE_STANDARD = gnu11;
				INFOPLIST_FILE = SevenBridgesUITests/Info.plist;
				IPHONEOS_DEPLOYMENT_TARGET = 13.1;
				LD_RUNPATH_SEARCH_PATHS = "$(inherited) @executable_path/Frameworks @loader_path/Frameworks";
				MTL_ENABLE_DEBUG_INFO = INCLUDE_SOURCE;
				MTL_FAST_MATH = YES;
				PRODUCT_BUNDLE_IDENTIFIER = com.dillonwfagan.SevenBridgesUITests;
				PRODUCT_NAME = "$(TARGET_NAME)";
				SWIFT_VERSION = 5.0;
				TARGETED_DEVICE_FAMILY = "1,2";
				TEST_TARGET_NAME = "Seven Bridges";
			};
			name = Debug;
		};
		5147F9F423553E0100AA61ED /* Release */ = {
			isa = XCBuildConfiguration;
			buildSettings = {
				CLANG_CXX_LANGUAGE_STANDARD = "gnu++14";
				CLANG_ENABLE_OBJC_WEAK = YES;
				CLANG_WARN_UNGUARDED_AVAILABILITY = YES_AGGRESSIVE;
				CODE_SIGN_STYLE = Automatic;
				DEVELOPMENT_TEAM = WXQLW5JEDU;
				GCC_C_LANGUAGE_STANDARD = gnu11;
				INFOPLIST_FILE = SevenBridgesUITests/Info.plist;
				IPHONEOS_DEPLOYMENT_TARGET = 13.1;
				LD_RUNPATH_SEARCH_PATHS = "$(inherited) @executable_path/Frameworks @loader_path/Frameworks";
				MTL_FAST_MATH = YES;
				PRODUCT_BUNDLE_IDENTIFIER = com.dillonwfagan.SevenBridgesUITests;
				PRODUCT_NAME = "$(TARGET_NAME)";
				SWIFT_VERSION = 5.0;
				TARGETED_DEVICE_FAMILY = "1,2";
				TEST_TARGET_NAME = "Seven Bridges";
			};
			name = Release;
		};
		51839D1A1EFD9240003B7B40 /* Debug */ = {
			isa = XCBuildConfiguration;
			buildSettings = {
				ALWAYS_SEARCH_USER_PATHS = NO;
				CLANG_ANALYZER_LOCALIZABILITY_NONLOCALIZED = YES;
				CLANG_ANALYZER_NONNULL = YES;
				CLANG_ANALYZER_NUMBER_OBJECT_CONVERSION = YES_AGGRESSIVE;
				CLANG_CXX_LANGUAGE_STANDARD = "gnu++0x";
				CLANG_CXX_LIBRARY = "libc++";
				CLANG_ENABLE_MODULES = YES;
				CLANG_ENABLE_OBJC_ARC = YES;
				CLANG_WARN_BLOCK_CAPTURE_AUTORELEASING = YES;
				CLANG_WARN_BOOL_CONVERSION = YES;
				CLANG_WARN_COMMA = YES;
				CLANG_WARN_CONSTANT_CONVERSION = YES;
				CLANG_WARN_DEPRECATED_OBJC_IMPLEMENTATIONS = YES;
				CLANG_WARN_DIRECT_OBJC_ISA_USAGE = YES_ERROR;
				CLANG_WARN_DOCUMENTATION_COMMENTS = YES;
				CLANG_WARN_EMPTY_BODY = YES;
				CLANG_WARN_ENUM_CONVERSION = YES;
				CLANG_WARN_INFINITE_RECURSION = YES;
				CLANG_WARN_INT_CONVERSION = YES;
				CLANG_WARN_NON_LITERAL_NULL_CONVERSION = YES;
				CLANG_WARN_OBJC_IMPLICIT_RETAIN_SELF = YES;
				CLANG_WARN_OBJC_LITERAL_CONVERSION = YES;
				CLANG_WARN_OBJC_ROOT_CLASS = YES_ERROR;
				CLANG_WARN_RANGE_LOOP_ANALYSIS = YES;
				CLANG_WARN_STRICT_PROTOTYPES = YES;
				CLANG_WARN_SUSPICIOUS_MOVE = YES;
				CLANG_WARN_UNREACHABLE_CODE = YES;
				CLANG_WARN__DUPLICATE_METHOD_MATCH = YES;
				"CODE_SIGN_IDENTITY[sdk=iphoneos*]" = "iPhone Developer";
				COPY_PHASE_STRIP = NO;
				DEBUG_INFORMATION_FORMAT = dwarf;
				ENABLE_STRICT_OBJC_MSGSEND = YES;
				ENABLE_TESTABILITY = YES;
				GCC_C_LANGUAGE_STANDARD = gnu99;
				GCC_DYNAMIC_NO_PIC = NO;
				GCC_NO_COMMON_BLOCKS = YES;
				GCC_OPTIMIZATION_LEVEL = 0;
				GCC_PREPROCESSOR_DEFINITIONS = (
					"DEBUG=1",
					"$(inherited)",
				);
				GCC_WARN_64_TO_32_BIT_CONVERSION = YES;
				GCC_WARN_ABOUT_RETURN_TYPE = YES_ERROR;
				GCC_WARN_UNDECLARED_SELECTOR = YES;
				GCC_WARN_UNINITIALIZED_AUTOS = YES_AGGRESSIVE;
				GCC_WARN_UNUSED_FUNCTION = YES;
				GCC_WARN_UNUSED_VARIABLE = YES;
				IPHONEOS_DEPLOYMENT_TARGET = 10.3;
				MTL_ENABLE_DEBUG_INFO = YES;
				ONLY_ACTIVE_ARCH = YES;
				SDKROOT = iphoneos;
				SWIFT_ACTIVE_COMPILATION_CONDITIONS = DEBUG;
				SWIFT_OPTIMIZATION_LEVEL = "-Onone";
				TARGETED_DEVICE_FAMILY = "1,2";
			};
			name = Debug;
		};
		51839D1B1EFD9240003B7B40 /* Release */ = {
			isa = XCBuildConfiguration;
			buildSettings = {
				ALWAYS_SEARCH_USER_PATHS = NO;
				CLANG_ANALYZER_LOCALIZABILITY_NONLOCALIZED = YES;
				CLANG_ANALYZER_NONNULL = YES;
				CLANG_ANALYZER_NUMBER_OBJECT_CONVERSION = YES_AGGRESSIVE;
				CLANG_CXX_LANGUAGE_STANDARD = "gnu++0x";
				CLANG_CXX_LIBRARY = "libc++";
				CLANG_ENABLE_MODULES = YES;
				CLANG_ENABLE_OBJC_ARC = YES;
				CLANG_WARN_BLOCK_CAPTURE_AUTORELEASING = YES;
				CLANG_WARN_BOOL_CONVERSION = YES;
				CLANG_WARN_COMMA = YES;
				CLANG_WARN_CONSTANT_CONVERSION = YES;
				CLANG_WARN_DEPRECATED_OBJC_IMPLEMENTATIONS = YES;
				CLANG_WARN_DIRECT_OBJC_ISA_USAGE = YES_ERROR;
				CLANG_WARN_DOCUMENTATION_COMMENTS = YES;
				CLANG_WARN_EMPTY_BODY = YES;
				CLANG_WARN_ENUM_CONVERSION = YES;
				CLANG_WARN_INFINITE_RECURSION = YES;
				CLANG_WARN_INT_CONVERSION = YES;
				CLANG_WARN_NON_LITERAL_NULL_CONVERSION = YES;
				CLANG_WARN_OBJC_IMPLICIT_RETAIN_SELF = YES;
				CLANG_WARN_OBJC_LITERAL_CONVERSION = YES;
				CLANG_WARN_OBJC_ROOT_CLASS = YES_ERROR;
				CLANG_WARN_RANGE_LOOP_ANALYSIS = YES;
				CLANG_WARN_STRICT_PROTOTYPES = YES;
				CLANG_WARN_SUSPICIOUS_MOVE = YES;
				CLANG_WARN_UNREACHABLE_CODE = YES;
				CLANG_WARN__DUPLICATE_METHOD_MATCH = YES;
				"CODE_SIGN_IDENTITY[sdk=iphoneos*]" = "iPhone Developer";
				COPY_PHASE_STRIP = NO;
				DEBUG_INFORMATION_FORMAT = "dwarf-with-dsym";
				ENABLE_NS_ASSERTIONS = NO;
				ENABLE_STRICT_OBJC_MSGSEND = YES;
				GCC_C_LANGUAGE_STANDARD = gnu99;
				GCC_NO_COMMON_BLOCKS = YES;
				GCC_WARN_64_TO_32_BIT_CONVERSION = YES;
				GCC_WARN_ABOUT_RETURN_TYPE = YES_ERROR;
				GCC_WARN_UNDECLARED_SELECTOR = YES;
				GCC_WARN_UNINITIALIZED_AUTOS = YES_AGGRESSIVE;
				GCC_WARN_UNUSED_FUNCTION = YES;
				GCC_WARN_UNUSED_VARIABLE = YES;
				IPHONEOS_DEPLOYMENT_TARGET = 10.3;
				MTL_ENABLE_DEBUG_INFO = NO;
				SDKROOT = iphoneos;
				SWIFT_OPTIMIZATION_LEVEL = "-Owholemodule";
				TARGETED_DEVICE_FAMILY = "1,2";
				VALIDATE_PRODUCT = YES;
			};
			name = Release;
		};
		51839D1D1EFD9240003B7B40 /* Debug */ = {
			isa = XCBuildConfiguration;
			buildSettings = {
				ASSETCATALOG_COMPILER_APPICON_NAME = AppIcon;
				DEVELOPMENT_TEAM = WXQLW5JEDU;
				INFOPLIST_FILE = "Seven Bridges/Info.plist";
				LD_RUNPATH_SEARCH_PATHS = "$(inherited) @executable_path/Frameworks";
				PRODUCT_BUNDLE_IDENTIFIER = "edu.uri.dillonfagan.Seven-Bridges";
				PRODUCT_NAME = "$(TARGET_NAME)";
				SWIFT_VERSION = 5.0;
			};
			name = Debug;
		};
		51839D1E1EFD9240003B7B40 /* Release */ = {
			isa = XCBuildConfiguration;
			buildSettings = {
				ASSETCATALOG_COMPILER_APPICON_NAME = AppIcon;
				DEVELOPMENT_TEAM = WXQLW5JEDU;
				INFOPLIST_FILE = "Seven Bridges/Info.plist";
				LD_RUNPATH_SEARCH_PATHS = "$(inherited) @executable_path/Frameworks";
				PRODUCT_BUNDLE_IDENTIFIER = "edu.uri.dillonfagan.Seven-Bridges";
				PRODUCT_NAME = "$(TARGET_NAME)";
				SWIFT_VERSION = 5.0;
			};
			name = Release;
		};
		518443202353BA9200268E78 /* Debug */ = {
			isa = XCBuildConfiguration;
			buildSettings = {
				BUNDLE_LOADER = "$(TEST_HOST)";
				CLANG_CXX_LANGUAGE_STANDARD = "gnu++14";
				CLANG_ENABLE_OBJC_WEAK = YES;
				CLANG_WARN_UNGUARDED_AVAILABILITY = YES_AGGRESSIVE;
				CODE_SIGN_STYLE = Automatic;
				DEVELOPMENT_TEAM = WXQLW5JEDU;
				GCC_C_LANGUAGE_STANDARD = gnu11;
				INFOPLIST_FILE = GraphTests/Info.plist;
				IPHONEOS_DEPLOYMENT_TARGET = 13.0;
				LD_RUNPATH_SEARCH_PATHS = "$(inherited) @executable_path/Frameworks @loader_path/Frameworks";
				MTL_ENABLE_DEBUG_INFO = INCLUDE_SOURCE;
				MTL_FAST_MATH = YES;
				PRODUCT_BUNDLE_IDENTIFIER = com.dillonwfagan.GraphTests;
				PRODUCT_NAME = "$(TARGET_NAME)";
				SWIFT_VERSION = 5.0;
				TARGETED_DEVICE_FAMILY = "1,2";
				TEST_HOST = "$(BUILT_PRODUCTS_DIR)/Seven Bridges.app/Seven Bridges";
			};
			name = Debug;
		};
		518443212353BA9200268E78 /* Release */ = {
			isa = XCBuildConfiguration;
			buildSettings = {
				BUNDLE_LOADER = "$(TEST_HOST)";
				CLANG_CXX_LANGUAGE_STANDARD = "gnu++14";
				CLANG_ENABLE_OBJC_WEAK = YES;
				CLANG_WARN_UNGUARDED_AVAILABILITY = YES_AGGRESSIVE;
				CODE_SIGN_STYLE = Automatic;
				DEVELOPMENT_TEAM = WXQLW5JEDU;
				GCC_C_LANGUAGE_STANDARD = gnu11;
				INFOPLIST_FILE = GraphTests/Info.plist;
				IPHONEOS_DEPLOYMENT_TARGET = 13.0;
				LD_RUNPATH_SEARCH_PATHS = "$(inherited) @executable_path/Frameworks @loader_path/Frameworks";
				MTL_FAST_MATH = YES;
				PRODUCT_BUNDLE_IDENTIFIER = com.dillonwfagan.GraphTests;
				PRODUCT_NAME = "$(TARGET_NAME)";
				SWIFT_VERSION = 5.0;
				TARGETED_DEVICE_FAMILY = "1,2";
				TEST_HOST = "$(BUILT_PRODUCTS_DIR)/Seven Bridges.app/Seven Bridges";
			};
			name = Release;
		};
/* End XCBuildConfiguration section */

/* Begin XCConfigurationList section */
		5147F9F523553E0100AA61ED /* Build configuration list for PBXNativeTarget "SevenBridgesUITests" */ = {
			isa = XCConfigurationList;
			buildConfigurations = (
				5147F9F323553E0100AA61ED /* Debug */,
				5147F9F423553E0100AA61ED /* Release */,
			);
			defaultConfigurationIsVisible = 0;
			defaultConfigurationName = Release;
		};
		51839D051EFD9240003B7B40 /* Build configuration list for PBXProject "Seven Bridges" */ = {
			isa = XCConfigurationList;
			buildConfigurations = (
				51839D1A1EFD9240003B7B40 /* Debug */,
				51839D1B1EFD9240003B7B40 /* Release */,
			);
			defaultConfigurationIsVisible = 0;
			defaultConfigurationName = Release;
		};
		51839D1C1EFD9240003B7B40 /* Build configuration list for PBXNativeTarget "Seven Bridges" */ = {
			isa = XCConfigurationList;
			buildConfigurations = (
				51839D1D1EFD9240003B7B40 /* Debug */,
				51839D1E1EFD9240003B7B40 /* Release */,
			);
			defaultConfigurationIsVisible = 0;
			defaultConfigurationName = Release;
		};
		518443222353BA9200268E78 /* Build configuration list for PBXNativeTarget "GraphTests" */ = {
			isa = XCConfigurationList;
			buildConfigurations = (
				518443202353BA9200268E78 /* Debug */,
				518443212353BA9200268E78 /* Release */,
			);
			defaultConfigurationIsVisible = 0;
			defaultConfigurationName = Release;
		};
/* End XCConfigurationList section */
	};
	rootObject = 51839D021EFD9240003B7B40 /* Project object */;
}
